
Microsoft Visual Studio Solution File, Format Version 12.00
Project("{FAE04EC0-301F-11D3-BF4B-00C04F79EFBC}") = "Mead.MusicBee", "Mead.MusicBee\Mead.MusicBee.csproj", "{053447E3-73A5-4AEE-9E7E-D12883379DDD}"
EndProject
Project("{FAE04EC0-301F-11D3-BF4B-00C04F79EFBC}") = "Mead.MusicBee.MetaInfo", "Mead.MusicBee.MetaInfo\Mead.MusicBee.MetaInfo.csproj", "{05C2413B-099E-4833-AE61-54B2962BF258}"
EndProject
Project("{2150E333-8FDC-42A3-9474-1A3956D46DE8}") = "SolutionItems", "SolutionItems", "{FEF0B38C-3060-4BFB-BBCC-C0A885AF7F17}"
	ProjectSection(SolutionItems) = preProject
		.gitignore = .gitignore
		global.json = global.json
	EndProjectSection
EndProject
Project("{FAE04EC0-301F-11D3-BF4B-00C04F79EFBC}") = "Mead.MusicBee.Api", "Mead.MusicBee.Api\Mead.MusicBee.Api.csproj", "{446E2497-367F-4DBF-8B7C-91CBEC5C3AA1}"
EndProject
Project("{FAE04EC0-301F-11D3-BF4B-00C04F79EFBC}") = "Mead.MusicBee.Api.Autofac.DependencyInjection", "Mead.MusicBee.Api.Autofac.DependencyInjection\Mead.MusicBee.Api.Autofac.DependencyInjection.csproj", "{B3F77A5E-826B-473D-AF69-CAF150F38749}"
EndProject
Project("{FAE04EC0-301F-11D3-BF4B-00C04F79EFBC}") = "Mead.MusicBee.LibraryApi", "Mead.MusicBee.LibraryApi\Mead.MusicBee.LibraryApi.csproj", "{CDF783FC-9BB7-48CD-A874-CE31E3EA980F}"
EndProject
Project("{FAE04EC0-301F-11D3-BF4B-00C04F79EFBC}") = "Mead.MusicBee.LibraryApi.Autofac.DependencyInjection", "Mead.MusicBee.LibraryApi.Autofac.DependencyInjection\Mead.MusicBee.LibraryApi.Autofac.DependencyInjection.csproj", "{7409761C-668E-4CFE-8A08-6B814D05A7C7}"
EndProject
Global
	GlobalSection(SolutionConfigurationPlatforms) = preSolution
		Debug|Any CPU = Debug|Any CPU
		Release|Any CPU = Release|Any CPU
	EndGlobalSection
	GlobalSection(ProjectConfigurationPlatforms) = postSolution
		{053447E3-73A5-4AEE-9E7E-D12883379DDD}.Debug|Any CPU.ActiveCfg = Debug|Any CPU
		{053447E3-73A5-4AEE-9E7E-D12883379DDD}.Debug|Any CPU.Build.0 = Debug|Any CPU
		{053447E3-73A5-4AEE-9E7E-D12883379DDD}.Release|Any CPU.ActiveCfg = Release|Any CPU
		{053447E3-73A5-4AEE-9E7E-D12883379DDD}.Release|Any CPU.Build.0 = Release|Any CPU
		{05C2413B-099E-4833-AE61-54B2962BF258}.Debug|Any CPU.ActiveCfg = Debug|Any CPU
		{05C2413B-099E-4833-AE61-54B2962BF258}.Debug|Any CPU.Build.0 = Debug|Any CPU
		{05C2413B-099E-4833-AE61-54B2962BF258}.Release|Any CPU.ActiveCfg = Release|Any CPU
		{05C2413B-099E-4833-AE61-54B2962BF258}.Release|Any CPU.Build.0 = Release|Any CPU
		{446E2497-367F-4DBF-8B7C-91CBEC5C3AA1}.Debug|Any CPU.ActiveCfg = Debug|Any CPU
		{446E2497-367F-4DBF-8B7C-91CBEC5C3AA1}.Debug|Any CPU.Build.0 = Debug|Any CPU
		{446E2497-367F-4DBF-8B7C-91CBEC5C3AA1}.Release|Any CPU.ActiveCfg = Release|Any CPU
		{446E2497-367F-4DBF-8B7C-91CBEC5C3AA1}.Release|Any CPU.Build.0 = Release|Any CPU
		{B3F77A5E-826B-473D-AF69-CAF150F38749}.Debug|Any CPU.ActiveCfg = Debug|Any CPU
		{B3F77A5E-826B-473D-AF69-CAF150F38749}.Debug|Any CPU.Build.0 = Debug|Any CPU
		{B3F77A5E-826B-473D-AF69-CAF150F38749}.Release|Any CPU.ActiveCfg = Release|Any CPU
		{B3F77A5E-826B-473D-AF69-CAF150F38749}.Release|Any CPU.Build.0 = Release|Any CPU
		{CDF783FC-9BB7-48CD-A874-CE31E3EA980F}.Debug|Any CPU.ActiveCfg = Debug|Any CPU
		{CDF783FC-9BB7-48CD-A874-CE31E3EA980F}.Debug|Any CPU.Build.0 = Debug|Any CPU
		{CDF783FC-9BB7-48CD-A874-CE31E3EA980F}.Release|Any CPU.ActiveCfg = Release|Any CPU
		{CDF783FC-9BB7-48CD-A874-CE31E3EA980F}.Release|Any CPU.Build.0 = Release|Any CPU
		{7409761C-668E-4CFE-8A08-6B814D05A7C7}.Debug|Any CPU.ActiveCfg = Debug|Any CPU
		{7409761C-668E-4CFE-8A08-6B814D05A7C7}.Debug|Any CPU.Build.0 = Debug|Any CPU
		{7409761C-668E-4CFE-8A08-6B814D05A7C7}.Release|Any CPU.ActiveCfg = Release|Any CPU
		{7409761C-668E-4CFE-8A08-6B814D05A7C7}.Release|Any CPU.Build.0 = Release|Any CPU
	EndGlobalSection
EndGlobal
